<Project ToolsVersion="4.0" xmlns="http://schemas.microsoft.com/developer/msbuild/2003">
  <ItemGroup>
    <Filter Include="Source Files">
      <UniqueIdentifier>{4FC737F1-C7A5-4376-A066-2A32D752A2FF}</UniqueIdentifier>
      <Extensions>cpp;c;cc;cxx;def;odl;idl;hpj;bat;asm;asmx</Extensions>
    </Filter>
    <Filter Include="Header Files">
      <UniqueIdentifier>{93995380-89BD-4b04-88EB-625FBE52EBFB}</UniqueIdentifier>
      <Extensions>h;hpp;hxx;hm;inl;inc;xsd</Extensions>
    </Filter>
    <Filter Include="Resource Files">
      <UniqueIdentifier>{67DA6AB6-F800-4c08-8B7A-83BB121AAD01}</UniqueIdentifier>
      <Extensions>rc;ico;cur;bmp;dlg;rc2;rct;bin;rgs;gif;jpg;jpeg;jpe;resx;tiff;tif;png;wav</Extensions>
    </Filter>
    <Filter Include="Blocks">
      <UniqueIdentifier>{4E0D15B9-E1A8-4C0C-8A8B-B954E75D587A}</UniqueIdentifier>
    </Filter>
    <Filter Include="Blocks\Cinder-HTTP(S)">
      <UniqueIdentifier>{C1D9FBB5-68DF-4160-B72D-4B33ACA76C2C}</UniqueIdentifier>
    </Filter>
    <Filter Include="Blocks\Cinder-HTTP(S)\src">
      <UniqueIdentifier>{DE2677A7-27D4-4CEC-A1A4-119F8057CA81}</UniqueIdentifier>
    </Filter>
    <Filter Include="Blocks\Cinder-HTTP(S)\src\cinder">
      <UniqueIdentifier>{D01DE2C6-F681-4387-8DB2-E5C9BB21678D}</UniqueIdentifier>
    </Filter>
    <Filter Include="Blocks\Cinder-HTTP(S)\src\cinder\http">
      <UniqueIdentifier>{A02DC5E6-6046-4AF6-8964-0AC8C3B2E229}</UniqueIdentifier>
    </Filter>
    <Filter Include="Blocks\ImGui">
      <UniqueIdentifier>{626DF99E-5E64-4B5F-AD6E-FC8AFE423CD2}</UniqueIdentifier>
    </Filter>
    <Filter Include="Blocks\ImGui\include">
      <UniqueIdentifier>{D677E93D-C666-44CA-B021-4D6D891DE2A6}</UniqueIdentifier>
    </Filter>
    <Filter Include="Blocks\ImGui\lib">
      <UniqueIdentifier>{EF889A9B-5260-4C80-A646-6D9FE550BF45}</UniqueIdentifier>
    </Filter>
    <Filter Include="Blocks\ImGui\lib\imgui">
      <UniqueIdentifier>{4AD35AC7-C28C-4963-AE43-EF14373D75C0}</UniqueIdentifier>
    </Filter>
    <Filter Include="Blocks\ImGui\src">
      <UniqueIdentifier>{2C0962FE-22E0-47A0-B16D-A9CF44F7D87F}</UniqueIdentifier>
    </Filter>
    <Filter Include="Blocks\Midi2">
      <UniqueIdentifier>{2509BEA3-C5DB-4CE2-AC5B-F321C9CB3BCC}</UniqueIdentifier>
    </Filter>
    <Filter Include="Blocks\Midi2\include">
      <UniqueIdentifier>{0F0FFCB7-76C9-4041-BBCD-3C9A8345F918}</UniqueIdentifier>
    </Filter>
    <Filter Include="Blocks\Midi2\lib">
      <UniqueIdentifier>{B598BF72-36D2-4154-934E-513BF7C26A93}</UniqueIdentifier>
    </Filter>
    <Filter Include="Blocks\Midi2\src">
      <UniqueIdentifier>{DB43742E-B25F-4069-AF46-52BD1910EFFD}</UniqueIdentifier>
    </Filter>
    <Filter Include="Blocks\Cinder-VD">
      <UniqueIdentifier>{72437532-7E96-43BC-BEE7-0F21E4D39953}</UniqueIdentifier>
    </Filter>
    <Filter Include="Blocks\Cinder-VD\include">
      <UniqueIdentifier>{0D347EF9-8746-4DBA-BAC9-627C04AEFAAC}</UniqueIdentifier>
    </Filter>
    <Filter Include="Blocks\Cinder-VD\src">
      <UniqueIdentifier>{A17AE5E1-FB9E-4D83-B8A4-85487C37D330}</UniqueIdentifier>
    </Filter>
    <Filter Include="Blocks\Cinder-VDUI">
      <UniqueIdentifier>{19BA4B5F-F13E-4B94-92EC-AD2DC0FC7883}</UniqueIdentifier>
    </Filter>
    <Filter Include="Blocks\Cinder-VDUI\include">
      <UniqueIdentifier>{5A36B173-8D69-498C-87DC-1BD5B6068E26}</UniqueIdentifier>
    </Filter>
    <Filter Include="Blocks\Cinder-VDUI\src">
      <UniqueIdentifier>{67BCBBEC-012C-4071-9109-3727E96F22A4}</UniqueIdentifier>
    </Filter>
    <Filter Include="Blocks\Cinder-WebSocketPP">
      <UniqueIdentifier>{877932E5-107C-4A06-9D08-B87B8F00EA1A}</UniqueIdentifier>
    </Filter>
    <Filter Include="Blocks\Cinder-WebSocketPP\src">
      <UniqueIdentifier>{C4AACA0C-9B5A-4F9E-8661-6E43A6B4AF7C}</UniqueIdentifier>
    </Filter>
    <Filter Include="Blocks\OSC">
      <UniqueIdentifier>{DDB3EE90-F665-48E4-AD94-3D421A9B7AE4}</UniqueIdentifier>
    </Filter>
    <Filter Include="Blocks\OSC\src">
      <UniqueIdentifier>{494736C1-3B14-450E-8470-79C1A6FC9C58}</UniqueIdentifier>
    </Filter>
    <Filter Include="Blocks\OSC\src\cinder">
      <UniqueIdentifier>{F0C42C8A-04FD-45C9-9BFB-01E0FC4B3404}</UniqueIdentifier>
    </Filter>
    <Filter Include="Blocks\OSC\src\cinder\osc">
      <UniqueIdentifier>{360EF3DD-23AE-468C-A0E2-34A3502DF5BA}</UniqueIdentifier>
    </Filter>
    <Filter Include="debug">
      <UniqueIdentifier>{cb75a521-2be7-420d-aa79-522c880d2301}</UniqueIdentifier>
    </Filter>
    <Filter Include="release">
      <UniqueIdentifier>{f74b4263-b949-4ecb-8437-210daacea31f}</UniqueIdentifier>
    </Filter>
    <Filter Include="assets">
      <UniqueIdentifier>{4dbc4d7e-0c28-4de9-8326-ec50d2946509}</UniqueIdentifier>
    </Filter>
  </ItemGroup>
  <ItemGroup>
    <ClCompile Include="..\src\BatchassIntroApp.cpp">
      <Filter>Source Files</Filter>
    </ClCompile>
    <ClInclude Include="..\include\Resources.h">
      <Filter>Header Files</Filter>
    </ClInclude>
    <ClCompile Include="..\src\BatchassIntroApp.cpp">
      <Filter>Source Files</Filter>
    </ClCompile>
    <ClInclude Include="..\..\..\Cinder\blocks\Cinder-HTTP\src\cinder\http\connector.hpp">
      <Filter>Blocks\Cinder-HTTP(S)\src\cinder\http</Filter>
    </ClInclude>
    <ClInclude Include="..\..\..\Cinder\blocks\Cinder-HTTP\src\cinder\http\error_codes.hpp">
      <Filter>Blocks\Cinder-HTTP(S)\src\cinder\http</Filter>
    </ClInclude>
    <ClInclude Include="..\..\..\Cinder\blocks\Cinder-HTTP\src\cinder\http\handshaker.hpp">
      <Filter>Blocks\Cinder-HTTP(S)\src\cinder\http</Filter>
    </ClInclude>
    <ClInclude Include="..\..\..\Cinder\blocks\Cinder-HTTP\src\cinder\http\headers.hpp">
      <Filter>Blocks\Cinder-HTTP(S)\src\cinder\http</Filter>
    </ClInclude>
    <ClInclude Include="..\..\..\Cinder\blocks\Cinder-HTTP\src\cinder\http\http.hpp">
      <Filter>Blocks\Cinder-HTTP(S)\src\cinder\http</Filter>
    </ClInclude>
    <ClInclude Include="..\..\..\Cinder\blocks\Cinder-HTTP\src\cinder\http\parsers.hpp">
      <Filter>Blocks\Cinder-HTTP(S)\src\cinder\http</Filter>
    </ClInclude>
    <ClInclude Include="..\..\..\Cinder\blocks\Cinder-HTTP\src\cinder\http\request_response.hpp">
      <Filter>Blocks\Cinder-HTTP(S)\src\cinder\http</Filter>
    </ClInclude>
    <ClInclude Include="..\..\..\Cinder\blocks\Cinder-HTTP\src\cinder\http\requester.hpp">
      <Filter>Blocks\Cinder-HTTP(S)\src\cinder\http</Filter>
    </ClInclude>
    <ClInclude Include="..\..\..\Cinder\blocks\Cinder-HTTP\src\cinder\http\responder.hpp">
      <Filter>Blocks\Cinder-HTTP(S)\src\cinder\http</Filter>
    </ClInclude>
    <ClInclude Include="..\..\..\Cinder\blocks\Cinder-HTTP\src\cinder\http\url.hpp">
      <Filter>Blocks\Cinder-HTTP(S)\src\cinder\http</Filter>
    </ClInclude>
    <ClInclude Include="..\..\..\Cinder\blocks\Cinder-ImGui\include\CinderImGui.h">
      <Filter>Blocks\ImGui\include</Filter>
    </ClInclude>
    <ClInclude Include="..\..\..\Cinder\blocks\Cinder-ImGui\include\imgui_user.h">
      <Filter>Blocks\ImGui\include</Filter>
    </ClInclude>
    <ClInclude Include="..\..\..\Cinder\blocks\Cinder-ImGui\include\imgui_user.inl">
      <Filter>Blocks\ImGui\include</Filter>
    </ClInclude>
    <ClInclude Include="..\..\..\Cinder\blocks\Cinder-ImGui\lib\imgui\imconfig.h">
      <Filter>Blocks\ImGui\lib\imgui</Filter>
    </ClInclude>
    <ClInclude Include="..\..\..\Cinder\blocks\Cinder-ImGui\lib\imgui\imgui.h">
      <Filter>Blocks\ImGui\lib\imgui</Filter>
    </ClInclude>
    <ClInclude Include="..\..\..\Cinder\blocks\Cinder-ImGui\lib\imgui\imgui_internal.h">
      <Filter>Blocks\ImGui\lib\imgui</Filter>
    </ClInclude>
    <ClCompile Include="..\..\..\Cinder\blocks\Cinder-ImGui\src\CinderImGui.cpp">
      <Filter>Blocks\ImGui\src</Filter>
    </ClCompile>
    <ClCompile Include="..\..\..\Cinder\blocks\Cinder-ImGui\lib\imgui\imgui.cpp">
      <Filter>Blocks\ImGui\lib\imgui</Filter>
    </ClCompile>
    <ClCompile Include="..\..\..\Cinder\blocks\Cinder-ImGui\lib\imgui\imgui_draw.cpp">
      <Filter>Blocks\ImGui\lib\imgui</Filter>
    </ClCompile>
    <ClCompile Include="..\..\..\Cinder\blocks\Cinder-ImGui\lib\imgui\imgui_demo.cpp">
      <Filter>Blocks\ImGui\lib\imgui</Filter>
    </ClCompile>
    <ClInclude Include="..\..\..\Cinder\blocks\Cinder-MIDI2\include\MidiConstants.h">
      <Filter>Blocks\Midi2\include</Filter>
    </ClInclude>
    <ClInclude Include="..\..\..\Cinder\blocks\Cinder-MIDI2\include\MidiExceptions.h">
      <Filter>Blocks\Midi2\include</Filter>
    </ClInclude>
    <ClInclude Include="..\..\..\Cinder\blocks\Cinder-MIDI2\include\MidiHeaders.h">
      <Filter>Blocks\Midi2\include</Filter>
    </ClInclude>
    <ClInclude Include="..\..\..\Cinder\blocks\Cinder-MIDI2\include\MidiHub.h">
      <Filter>Blocks\Midi2\include</Filter>
    </ClInclude>
    <ClInclude Include="..\..\..\Cinder\blocks\Cinder-MIDI2\include\MidiIn.h">
      <Filter>Blocks\Midi2\include</Filter>
    </ClInclude>
    <ClInclude Include="..\..\..\Cinder\blocks\Cinder-MIDI2\include\MidiMessage.h">
      <Filter>Blocks\Midi2\include</Filter>
    </ClInclude>
    <ClInclude Include="..\..\..\Cinder\blocks\Cinder-MIDI2\include\MidiOut.h">
      <Filter>Blocks\Midi2\include</Filter>
    </ClInclude>
    <ClInclude Include="..\..\..\Cinder\blocks\Cinder-MIDI2\lib\RtError.h">
      <Filter>Blocks\Midi2\lib</Filter>
    </ClInclude>
    <ClInclude Include="..\..\..\Cinder\blocks\Cinder-MIDI2\lib\RtMidi.h">
      <Filter>Blocks\Midi2\lib</Filter>
    </ClInclude>
    <ClCompile Include="..\..\..\Cinder\blocks\Cinder-MIDI2\src\MidiHub.cpp">
      <Filter>Blocks\Midi2\src</Filter>
    </ClCompile>
    <ClCompile Include="..\..\..\Cinder\blocks\Cinder-MIDI2\src\MidiIn.cpp">
      <Filter>Blocks\Midi2\src</Filter>
    </ClCompile>
    <ClCompile Include="..\..\..\Cinder\blocks\Cinder-MIDI2\src\MidiMessage.cpp">
      <Filter>Blocks\Midi2\src</Filter>
    </ClCompile>
    <ClCompile Include="..\..\..\Cinder\blocks\Cinder-MIDI2\src\MidiOut.cpp">
      <Filter>Blocks\Midi2\src</Filter>
    </ClCompile>
    <ClCompile Include="..\..\..\Cinder\blocks\Cinder-MIDI2\lib\RtMidi.cpp">
      <Filter>Blocks\Midi2\lib</Filter>
    </ClCompile>
    <ClInclude Include="..\..\..\Cinder\blocks\Cinder-VD\include\LiveParam.h">
      <Filter>Blocks\Cinder-VD\include</Filter>
    </ClInclude>
    <ClInclude Include="..\..\..\Cinder\blocks\Cinder-VD\include\VDAnimation.h">
      <Filter>Blocks\Cinder-VD\include</Filter>
    </ClInclude>
    <ClInclude Include="..\..\..\Cinder\blocks\Cinder-VD\include\VDFbo.h">
      <Filter>Blocks\Cinder-VD\include</Filter>
    </ClInclude>
    <ClInclude Include="..\..\..\Cinder\blocks\Cinder-VD\include\VDLog.h">
      <Filter>Blocks\Cinder-VD\include</Filter>
    </ClInclude>
    <ClInclude Include="..\..\..\Cinder\blocks\Cinder-VD\include\VDRouter.h">
      <Filter>Blocks\Cinder-VD\include</Filter>
    </ClInclude>
    <ClInclude Include="..\..\..\Cinder\blocks\Cinder-VD\include\VDSession.h">
      <Filter>Blocks\Cinder-VD\include</Filter>
    </ClInclude>
    <ClInclude Include="..\..\..\Cinder\blocks\Cinder-VD\include\VDSettings.h">
      <Filter>Blocks\Cinder-VD\include</Filter>
    </ClInclude>
    <ClInclude Include="..\..\..\Cinder\blocks\Cinder-VD\include\VDShader.h">
      <Filter>Blocks\Cinder-VD\include</Filter>
    </ClInclude>
    <ClInclude Include="..\..\..\Cinder\blocks\Cinder-VD\include\VDTexture.h">
      <Filter>Blocks\Cinder-VD\include</Filter>
    </ClInclude>
    <ClInclude Include="..\..\..\Cinder\blocks\Cinder-VD\include\VDUtils.h">
      <Filter>Blocks\Cinder-VD\include</Filter>
    </ClInclude>
    <ClInclude Include="..\..\..\Cinder\blocks\Cinder-VD\include\VDWebsocket.h">
      <Filter>Blocks\Cinder-VD\include</Filter>
    </ClInclude>
    <ClInclude Include="..\..\..\Cinder\blocks\Cinder-VD\include\Watchdog.h">
      <Filter>Blocks\Cinder-VD\include</Filter>
    </ClInclude>
    <ClCompile Include="..\..\..\Cinder\blocks\Cinder-VD\src\LiveParam.cpp">
      <Filter>Blocks\Cinder-VD\src</Filter>
    </ClCompile>
    <ClCompile Include="..\..\..\Cinder\blocks\Cinder-VD\src\VDAnimation.cpp">
      <Filter>Blocks\Cinder-VD\src</Filter>
    </ClCompile>
    <ClCompile Include="..\..\..\Cinder\blocks\Cinder-VD\src\VDFbo.cpp">
      <Filter>Blocks\Cinder-VD\src</Filter>
    </ClCompile>
    <ClCompile Include="..\..\..\Cinder\blocks\Cinder-VD\src\VDLog.cpp">
      <Filter>Blocks\Cinder-VD\src</Filter>
    </ClCompile>
    <ClCompile Include="..\..\..\Cinder\blocks\Cinder-VD\src\VDRouter.cpp">
      <Filter>Blocks\Cinder-VD\src</Filter>
    </ClCompile>
    <ClCompile Include="..\..\..\Cinder\blocks\Cinder-VD\src\VDSession.cpp">
      <Filter>Blocks\Cinder-VD\src</Filter>
    </ClCompile>
    <ClCompile Include="..\..\..\Cinder\blocks\Cinder-VD\src\VDSettings.cpp">
      <Filter>Blocks\Cinder-VD\src</Filter>
    </ClCompile>
    <ClCompile Include="..\..\..\Cinder\blocks\Cinder-VD\src\VDShader.cpp">
      <Filter>Blocks\Cinder-VD\src</Filter>
    </ClCompile>
    <ClCompile Include="..\..\..\Cinder\blocks\Cinder-VD\src\VDTexture.cpp">
      <Filter>Blocks\Cinder-VD\src</Filter>
    </ClCompile>
    <ClCompile Include="..\..\..\Cinder\blocks\Cinder-VD\src\VDUtils.cpp">
      <Filter>Blocks\Cinder-VD\src</Filter>
    </ClCompile>
    <ClCompile Include="..\..\..\Cinder\blocks\Cinder-VD\src\VDWebsocket.cpp">
      <Filter>Blocks\Cinder-VD\src</Filter>
    </ClCompile>
    <ClInclude Include="..\..\..\Cinder\blocks\Cinder-VDUI\include\VDUI.h">
      <Filter>Blocks\Cinder-VDUI\include</Filter>
    </ClInclude>
    <ClInclude Include="..\..\..\Cinder\blocks\Cinder-VDUI\include\VDUIAnimation.h">
      <Filter>Blocks\Cinder-VDUI\include</Filter>
    </ClInclude>
    <ClInclude Include="..\..\..\Cinder\blocks\Cinder-VDUI\include\VDUIAudio.h">
      <Filter>Blocks\Cinder-VDUI\include</Filter>
    </ClInclude>
    <ClInclude Include="..\..\..\Cinder\blocks\Cinder-VDUI\include\VDUIBlend.h">
      <Filter>Blocks\Cinder-VDUI\include</Filter>
    </ClInclude>
    <ClInclude Include="..\..\..\Cinder\blocks\Cinder-VDUI\include\VDUIColor.h">
      <Filter>Blocks\Cinder-VDUI\include</Filter>
    </ClInclude>
    <ClInclude Include="..\..\..\Cinder\blocks\Cinder-VDUI\include\VDUIFbos.h">
      <Filter>Blocks\Cinder-VDUI\include</Filter>
    </ClInclude>
    <ClInclude Include="..\..\..\Cinder\blocks\Cinder-VDUI\include\VDUIMidi.h">
      <Filter>Blocks\Cinder-VDUI\include</Filter>
    </ClInclude>
    <ClInclude Include="..\..\..\Cinder\blocks\Cinder-VDUI\include\VDUIMouse.h">
      <Filter>Blocks\Cinder-VDUI\include</Filter>
    </ClInclude>
    <ClInclude Include="..\..\..\Cinder\blocks\Cinder-VDUI\include\VDUIOsc.h">
      <Filter>Blocks\Cinder-VDUI\include</Filter>
    </ClInclude>
    <ClInclude Include="..\..\..\Cinder\blocks\Cinder-VDUI\include\VDUIRender.h">
      <Filter>Blocks\Cinder-VDUI\include</Filter>
    </ClInclude>
    <ClInclude Include="..\..\..\Cinder\blocks\Cinder-VDUI\include\VDUIShaders.h">
      <Filter>Blocks\Cinder-VDUI\include</Filter>
    </ClInclude>
    <ClInclude Include="..\..\..\Cinder\blocks\Cinder-VDUI\include\VDUITempo.h">
      <Filter>Blocks\Cinder-VDUI\include</Filter>
    </ClInclude>
    <ClInclude Include="..\..\..\Cinder\blocks\Cinder-VDUI\include\VDUITextures.h">
      <Filter>Blocks\Cinder-VDUI\include</Filter>
    </ClInclude>
    <ClInclude Include="..\..\..\Cinder\blocks\Cinder-VDUI\include\VDUIWebsockets.h">
      <Filter>Blocks\Cinder-VDUI\include</Filter>
    </ClInclude>
    <ClCompile Include="..\..\..\Cinder\blocks\Cinder-VDUI\src\VDUI.cpp">
      <Filter>Blocks\Cinder-VDUI\src</Filter>
    </ClCompile>
    <ClCompile Include="..\..\..\Cinder\blocks\Cinder-VDUI\src\VDUIAnimation.cpp">
      <Filter>Blocks\Cinder-VDUI\src</Filter>
    </ClCompile>
    <ClCompile Include="..\..\..\Cinder\blocks\Cinder-VDUI\src\VDUIAudio.cpp">
      <Filter>Blocks\Cinder-VDUI\src</Filter>
    </ClCompile>
    <ClCompile Include="..\..\..\Cinder\blocks\Cinder-VDUI\src\VDUIBlend.cpp">
      <Filter>Blocks\Cinder-VDUI\src</Filter>
    </ClCompile>
    <ClCompile Include="..\..\..\Cinder\blocks\Cinder-VDUI\src\VDUIColor.cpp">
      <Filter>Blocks\Cinder-VDUI\src</Filter>
    </ClCompile>
    <ClCompile Include="..\..\..\Cinder\blocks\Cinder-VDUI\src\VDUIFbos.cpp">
      <Filter>Blocks\Cinder-VDUI\src</Filter>
    </ClCompile>
    <ClCompile Include="..\..\..\Cinder\blocks\Cinder-VDUI\src\VDUIMidi.cpp">
      <Filter>Blocks\Cinder-VDUI\src</Filter>
    </ClCompile>
    <ClCompile Include="..\..\..\Cinder\blocks\Cinder-VDUI\src\VDUIMouse.cpp">
      <Filter>Blocks\Cinder-VDUI\src</Filter>
    </ClCompile>
    <ClCompile Include="..\..\..\Cinder\blocks\Cinder-VDUI\src\VDUIOsc.cpp">
      <Filter>Blocks\Cinder-VDUI\src</Filter>
    </ClCompile>
    <ClCompile Include="..\..\..\Cinder\blocks\Cinder-VDUI\src\VDUIRender.cpp">
      <Filter>Blocks\Cinder-VDUI\src</Filter>
    </ClCompile>
    <ClCompile Include="..\..\..\Cinder\blocks\Cinder-VDUI\src\VDUIShaders.cpp">
      <Filter>Blocks\Cinder-VDUI\src</Filter>
    </ClCompile>
    <ClCompile Include="..\..\..\Cinder\blocks\Cinder-VDUI\src\VDUITempo.cpp">
      <Filter>Blocks\Cinder-VDUI\src</Filter>
    </ClCompile>
    <ClCompile Include="..\..\..\Cinder\blocks\Cinder-VDUI\src\VDUITextures.cpp">
      <Filter>Blocks\Cinder-VDUI\src</Filter>
    </ClCompile>
    <ClCompile Include="..\..\..\Cinder\blocks\Cinder-VDUI\src\VDUIWebsockets.cpp">
      <Filter>Blocks\Cinder-VDUI\src</Filter>
    </ClCompile>
    <ClCompile Include="..\..\..\Cinder\blocks\Cinder-WebSocketPP\src\WebSocketClient.cpp">
      <Filter>Blocks\Cinder-WebSocketPP\src</Filter>
    </ClCompile>
    <ClCompile Include="..\..\..\Cinder\blocks\Cinder-WebSocketPP\src\WebSocketConnection.cpp">
      <Filter>Blocks\Cinder-WebSocketPP\src</Filter>
    </ClCompile>
    <ClCompile Include="..\..\..\Cinder\blocks\Cinder-WebSocketPP\src\WebSocketServer.cpp">
      <Filter>Blocks\Cinder-WebSocketPP\src</Filter>
    </ClCompile>
    <ClInclude Include="..\..\..\Cinder\blocks\Cinder-WebSocketPP\src\WebSocketClient.h">
      <Filter>Blocks\Cinder-WebSocketPP\src</Filter>
    </ClInclude>
    <ClInclude Include="..\..\..\Cinder\blocks\Cinder-WebSocketPP\src\WebSocketConnection.h">
      <Filter>Blocks\Cinder-WebSocketPP\src</Filter>
    </ClInclude>
    <ClInclude Include="..\..\..\Cinder\blocks\Cinder-WebSocketPP\src\WebSocketServer.h">
      <Filter>Blocks\Cinder-WebSocketPP\src</Filter>
    </ClInclude>
    <ClCompile Include="..\..\..\Cinder\blocks\OSC\src\cinder\osc\Osc.cpp">
      <Filter>Blocks\OSC\src\cinder\osc</Filter>
    </ClCompile>
    <ClInclude Include="..\..\..\Cinder\blocks\OSC\src\cinder\osc\Osc.h">
      <Filter>Blocks\OSC\src\cinder\osc</Filter>
    </ClInclude>
  </ItemGroup>
  <ItemGroup>
    <ClInclude Include="..\include\Resources.h">
      <Filter>Header Files</Filter>
    </ClInclude>
  </ItemGroup>
  <ItemGroup>
    <ResourceCompile Include="Resources.rc">
      <Filter>Resource Files</Filter>
    </ResourceCompile>
  </ItemGroup>
  <ItemGroup>
    <Xml Include="build\Win32\Debug\VDintro.xml">
      <Filter>debug</Filter>
    </Xml>
    <Xml Include="..\assets\Intro\textures.xml">
      <Filter>assets</Filter>
    </Xml>
  </ItemGroup>
  <ItemGroup>
    <None Include="..\assets\Intro\live_params.json">
      <Filter>assets</Filter>
    </None>
    <None Include="..\assets\Intro\session.json">
      <Filter>assets</Filter>
    </None>
    <None Include="..\assets\Intro\uniforms.json">
      <Filter>assets</Filter>
    </None>
  </ItemGroup>
</Project>